
Microsoft Visual Studio Solution File, Format Version 12.00
# Visual Studio 15
VisualStudioVersion = 15.0.28307.168
MinimumVisualStudioVersion = 10.0.40219.1
Project("{FAE04EC0-301F-11D3-BF4B-00C04F79EFBC}") = "estPOS", "estPOS\estPOS.csproj", "{885C49BE-ADBD-4E56-A2D1-5DD9088824F2}"
EndProject
Global
	GlobalSection(SolutionConfigurationPlatforms) = preSolution
		Debug|Any CPU = Debug|Any CPU
		Release|Any CPU = Release|Any CPU
	EndGlobalSection
	GlobalSection(ProjectConfigurationPlatforms) = postSolution
		{885C49BE-ADBD-4E56-A2D1-5DD9088824F2}.Debug|Any CPU.ActiveCfg = Debug|Any CPU
		{885C49BE-ADBD-4E56-A2D1-5DD9088824F2}.Debug|Any CPU.Build.0 = Debug|Any CPU
		{885C49BE-ADBD-4E56-A2D1-5DD9088824F2}.Release|Any CPU.ActiveCfg = Release|Any CPU
		{885C49BE-ADBD-4E56-A2D1-5DD9088824F2}.Release|Any CPU.Build.0 = Release|Any CPU
	EndGlobalSection
	GlobalSection(SolutionProperties) = preSolution
		HideSolutionNode = FALSE
	EndGlobalSection
	GlobalSection(ExtensibilityGlobals) = postSolution
		SolutionGuid = {0570BBA0-B881-4346-8376-B8D8B0B864C6}
	EndGlobalSection
EndGlobal
